<?xml version="1.0" encoding="utf-8"?>
<Project ToolsVersion="4.0" xmlns="http://schemas.microsoft.com/developer/msbuild/2003">
  <ItemGroup>
    <Filter Include="Source Files">
      <UniqueIdentifier>{4FC737F1-C7A5-4376-A066-2A32D752A2FF}</UniqueIdentifier>
      <Extensions>cpp;c;cc;cxx;def;odl;idl;hpj;bat;asm;asmx</Extensions>
    </Filter>
    <Filter Include="Header Files">
      <UniqueIdentifier>{93995380-89BD-4b04-88EB-625FBE52EBFB}</UniqueIdentifier>
      <Extensions>h;hh;hpp;hxx;hm;inl;inc;xsd</Extensions>
    </Filter>
    <Filter Include="Resource Files">
      <UniqueIdentifier>{67DA6AB6-F800-4c08-8B7A-83BB121AAD01}</UniqueIdentifier>
      <Extensions>rc;ico;cur;bmp;dlg;rc2;rct;bin;rgs;gif;jpg;jpeg;jpe;resx;tiff;tif;png;wav;mfcribbon-ms</Extensions>
    </Filter>
    <Filter Include="Header Files\Libs">
      <UniqueIdentifier>{52a4267c-6804-45c4-a413-722febc62863}</UniqueIdentifier>
    </Filter>
    <Filter Include="Source Files\libs">
      <UniqueIdentifier>{fdd91be5-878d-47e0-bb60-aac9d2c646d1}</UniqueIdentifier>
    </Filter>
    <Filter Include="Header Files\unused">
      <UniqueIdentifier>{67056fb4-55d3-4f98-8ce5-4c10922592e3}</UniqueIdentifier>
    </Filter>
  </ItemGroup>
  <ItemGroup>
    <ClCompile Include="DllMain.cpp">
      <Filter>Source Files</Filter>
    </ClCompile>
    <ClCompile Include="DllLogic.cpp">
      <Filter>Source Files</Filter>
    </ClCompile>
    <ClCompile Include="..\..\..\Libraries\WebFuncs.c">
      <Filter>Source Files\libs</Filter>
    </ClCompile>
    <ClCompile Include="..\..\..\Libraries\tSockets.cpp">
      <Filter>Source Files\libs</Filter>
    </ClCompile>
    <ClCompile Include="..\..\..\Libraries\EndianConversions.c">
      <Filter>Source Files\libs</Filter>
    </ClCompile>
    <ClCompile Include="VEHooks.cpp">
      <Filter>Source Files</Filter>
    </ClCompile>
  </ItemGroup>
  <ItemGroup>
    <ClInclude Include="DllLogic.h">
      <Filter>Header Files</Filter>
    </ClInclude>
    <ClInclude Include="..\..\..\Libraries\WebFuncs.h">
      <Filter>Header Files\Libs</Filter>
    </ClInclude>
    <ClInclude Include="..\..\..\Libraries\tSockets.h">
      <Filter>Header Files\Libs</Filter>
    </ClInclude>
    <ClInclude Include="DoHook.h">
      <Filter>Header Files\unused</Filter>
    </ClInclude>
    <ClInclude Include="WebResources.h">
      <Filter>Resource Files</Filter>
    </ClInclude>
    <ClInclude Include="VEHooks.h">
      <Filter>Header Files</Filter>
    </ClInclude>
    <ClInclude Include="Websockets_Funcs.h">
      <Filter>Header Files</Filter>
    </ClInclude>
  </ItemGroup>
</Project>